
Microsoft Visual Studio Solution File, Format Version 12.00
# Visual Studio Version 16
VisualStudioVersion = 16.0.31605.320
MinimumVisualStudioVersion = 10.0.40219.1
Project("{FAE04EC0-301F-11D3-BF4B-00C04F79EFBC}") = "ExpressoesMatematicas", "MyOwnTests\ExpressoesMatematicas.csproj", "{8F28F95D-F895-42A9-AFB6-D8129663A2AC}"
EndProject
Global
	GlobalSection(SolutionConfigurationPlatforms) = preSolution
		Debug|Any CPU = Debug|Any CPU
		Release|Any CPU = Release|Any CPU
	EndGlobalSection
	GlobalSection(ProjectConfigurationPlatforms) = postSolution
		{8F28F95D-F895-42A9-AFB6-D8129663A2AC}.Debug|Any CPU.ActiveCfg = Debug|Any CPU
		{8F28F95D-F895-42A9-AFB6-D8129663A2AC}.Debug|Any CPU.Build.0 = Debug|Any CPU
		{8F28F95D-F895-42A9-AFB6-D8129663A2AC}.Release|Any CPU.ActiveCfg = Release|Any CPU
		{8F28F95D-F895-42A9-AFB6-D8129663A2AC}.Release|Any CPU.Build.0 = Release|Any CPU
	EndGlobalSection
	GlobalSection(SolutionProperties) = preSolution
		HideSolutionNode = FALSE
	EndGlobalSection
	GlobalSection(ExtensibilityGlobals) = postSolution
		SolutionGuid = {5FBA667F-AFA9-4FB2-BEBB-23AAF102E655}
	EndGlobalSection
EndGlobal
